
Microsoft Visual Studio Solution File, Format Version 12.00
# Visual Studio Version 16
VisualStudioVersion = 16.0.29123.88
MinimumVisualStudioVersion = 10.0.40219.1
Project("{FAE04EC0-301F-11D3-BF4B-00C04F79EFBC}") = "Tutorial1", "Tutorial1\Tutorial1.csproj", "{0EF82EB0-C591-48C2-94D6-4CAA6F474B20}"
EndProject
Global
	GlobalSection(SolutionConfigurationPlatforms) = preSolution
		Debug|Any CPU = Debug|Any CPU
		Release|Any CPU = Release|Any CPU
	EndGlobalSection
	GlobalSection(ProjectConfigurationPlatforms) = postSolution
		{0EF82EB0-C591-48C2-94D6-4CAA6F474B20}.Debug|Any CPU.ActiveCfg = Debug|Any CPU
		{0EF82EB0-C591-48C2-94D6-4CAA6F474B20}.Debug|Any CPU.Build.0 = Debug|Any CPU
		{0EF82EB0-C591-48C2-94D6-4CAA6F474B20}.Release|Any CPU.ActiveCfg = Release|Any CPU
		{0EF82EB0-C591-48C2-94D6-4CAA6F474B20}.Release|Any CPU.Build.0 = Release|Any CPU
	EndGlobalSection
	GlobalSection(SolutionProperties) = preSolution
		HideSolutionNode = FALSE
	EndGlobalSection
	GlobalSection(ExtensibilityGlobals) = postSolution
		SolutionGuid = {D2C30F27-8029-4F58-835E-181CCE32668C}
	EndGlobalSection
EndGlobal
